
Microsoft Visual Studio Solution File, Format Version 12.00
# Visual Studio Version 16
VisualStudioVersion = 16.0.31911.196
MinimumVisualStudioVersion = 10.0.40219.1
Project("{FAE04EC0-301F-11D3-BF4B-00C04F79EFBC}") = "adonetdemo01", "adonetdemo01.csproj", "{B2A85158-AFC4-4832-BD09-8FF26C81C283}"
EndProject
Project("{FAE04EC0-301F-11D3-BF4B-00C04F79EFBC}") = "TestApp", "TestApp\TestApp.csproj", "{4A2E7F3F-CCE0-4748-A728-83C185D0EE00}"
EndProject
Global
	GlobalSection(SolutionConfigurationPlatforms) = preSolution
		Debug|Any CPU = Debug|Any CPU
		Release|Any CPU = Release|Any CPU
	EndGlobalSection
	GlobalSection(ProjectConfigurationPlatforms) = postSolution
		{B2A85158-AFC4-4832-BD09-8FF26C81C283}.Debug|Any CPU.ActiveCfg = Debug|Any CPU
		{B2A85158-AFC4-4832-BD09-8FF26C81C283}.Debug|Any CPU.Build.0 = Debug|Any CPU
		{B2A85158-AFC4-4832-BD09-8FF26C81C283}.Release|Any CPU.ActiveCfg = Release|Any CPU
		{B2A85158-AFC4-4832-BD09-8FF26C81C283}.Release|Any CPU.Build.0 = Release|Any CPU
		{4A2E7F3F-CCE0-4748-A728-83C185D0EE00}.Debug|Any CPU.ActiveCfg = Debug|Any CPU
		{4A2E7F3F-CCE0-4748-A728-83C185D0EE00}.Debug|Any CPU.Build.0 = Debug|Any CPU
		{4A2E7F3F-CCE0-4748-A728-83C185D0EE00}.Release|Any CPU.ActiveCfg = Release|Any CPU
		{4A2E7F3F-CCE0-4748-A728-83C185D0EE00}.Release|Any CPU.Build.0 = Release|Any CPU
	EndGlobalSection
	GlobalSection(SolutionProperties) = preSolution
		HideSolutionNode = FALSE
	EndGlobalSection
	GlobalSection(ExtensibilityGlobals) = postSolution
		SolutionGuid = {19AF1103-DB36-4366-98DB-E22BFB864865}
	EndGlobalSection
EndGlobal
